
Microsoft Visual Studio Solution File, Format Version 12.00
Project("{FAE04EC0-301F-11D3-BF4B-00C04F79EFBC}") = "MVC", "MVC\MVC.csproj", "{53C58E7C-D819-452B-9862-A3227E303BC5}"
EndProject
Project("{FAE04EC0-301F-11D3-BF4B-00C04F79EFBC}") = "BLL", "BLL\BLL.csproj", "{93F104A2-3047-4A7E-8FBF-49ABC7313D76}"
EndProject
Global
	GlobalSection(SolutionConfigurationPlatforms) = preSolution
		Debug|Any CPU = Debug|Any CPU
		Release|Any CPU = Release|Any CPU
	EndGlobalSection
	GlobalSection(ProjectConfigurationPlatforms) = postSolution
		{53C58E7C-D819-452B-9862-A3227E303BC5}.Debug|Any CPU.ActiveCfg = Debug|Any CPU
		{53C58E7C-D819-452B-9862-A3227E303BC5}.Debug|Any CPU.Build.0 = Debug|Any CPU
		{53C58E7C-D819-452B-9862-A3227E303BC5}.Release|Any CPU.ActiveCfg = Release|Any CPU
		{53C58E7C-D819-452B-9862-A3227E303BC5}.Release|Any CPU.Build.0 = Release|Any CPU
		{93F104A2-3047-4A7E-8FBF-49ABC7313D76}.Debug|Any CPU.ActiveCfg = Debug|Any CPU
		{93F104A2-3047-4A7E-8FBF-49ABC7313D76}.Debug|Any CPU.Build.0 = Debug|Any CPU
		{93F104A2-3047-4A7E-8FBF-49ABC7313D76}.Release|Any CPU.ActiveCfg = Release|Any CPU
		{93F104A2-3047-4A7E-8FBF-49ABC7313D76}.Release|Any CPU.Build.0 = Release|Any CPU
	EndGlobalSection
EndGlobal
